
Microsoft Visual Studio Solution File, Format Version 12.00
# Visual Studio Version 16
VisualStudioVersion = 16.0.30517.126
MinimumVisualStudioVersion = 10.0.40219.1
Project("{FAE04EC0-301F-11D3-BF4B-00C04F79EFBC}") = "WebApp", "WebApp\WebApp.csproj", "{5E26DEC5-F691-491C-A410-65DF430E7278}"
EndProject
Global
	GlobalSection(SolutionConfigurationPlatforms) = preSolution
		Debug|Any CPU = Debug|Any CPU
		Release|Any CPU = Release|Any CPU
	EndGlobalSection
	GlobalSection(ProjectConfigurationPlatforms) = postSolution
		{5E26DEC5-F691-491C-A410-65DF430E7278}.Debug|Any CPU.ActiveCfg = Debug|Any CPU
		{5E26DEC5-F691-491C-A410-65DF430E7278}.Debug|Any CPU.Build.0 = Debug|Any CPU
		{5E26DEC5-F691-491C-A410-65DF430E7278}.Release|Any CPU.ActiveCfg = Release|Any CPU
		{5E26DEC5-F691-491C-A410-65DF430E7278}.Release|Any CPU.Build.0 = Release|Any CPU
	EndGlobalSection
	GlobalSection(SolutionProperties) = preSolution
		HideSolutionNode = FALSE
	EndGlobalSection
	GlobalSection(ExtensibilityGlobals) = postSolution
		SolutionGuid = {7883E4C6-B6ED-44CE-AEAC-BC476FCC9514}
	EndGlobalSection
EndGlobal
